// !$*UTF8*$!
{
	archiveVersion = 1;
	classes = {
	};
	objectVersion = 50;
	objects = {

/* Begin PBXBuildFile section */
		0105583F2138D0F900425D92 /* MyRxswiftViewController.swift in Sources */ = {isa = PBXBuildFile; fileRef = 0105583E2138D0F900425D92 /* MyRxswiftViewController.swift */; };
		012424A921605E3C0007818D /* Person.swift in Sources */ = {isa = PBXBuildFile; fileRef = 012424A821605E3C0007818D /* Person.swift */; };
		012424AB21605F3D0007818D /* Friend.swift in Sources */ = {isa = PBXBuildFile; fileRef = 012424AA21605F3D0007818D /* Friend.swift */; };
		012424AE216066C80007818D /* LasyPropertyViewController.swift in Sources */ = {isa = PBXBuildFile; fileRef = 012424AD216066C80007818D /* LasyPropertyViewController.swift */; };
		012424B72160679E0007818D /* Rect.swift in Sources */ = {isa = PBXBuildFile; fileRef = 012424B62160679E0007818D /* Rect.swift */; };
		012424B92160A5930007818D /* GoogleService-Info.plist in Resources */ = {isa = PBXBuildFile; fileRef = 012424B82160A5930007818D /* GoogleService-Info.plist */; };
		0141B68321771765000326EF /* UISearchViewController.swift in Sources */ = {isa = PBXBuildFile; fileRef = 0141B68221771765000326EF /* UISearchViewController.swift */; };
		0141B68521771B7C000326EF /* SearchResultViewController.swift in Sources */ = {isa = PBXBuildFile; fileRef = 0141B68421771B7C000326EF /* SearchResultViewController.swift */; };
		0141B6872177237C000326EF /* Countries.swift in Sources */ = {isa = PBXBuildFile; fileRef = 0141B6862177237C000326EF /* Countries.swift */; };
		0142220C2152238F0091027F /* EnumerationViewController.swift in Sources */ = {isa = PBXBuildFile; fileRef = 0142220B2152238F0091027F /* EnumerationViewController.swift */; };
		017B7BB4213EE93000A1671B /* test.png in Resources */ = {isa = PBXBuildFile; fileRef = 017B7BB3213EE93000A1671B /* test.png */; };
		017B7BB7213EE95B00A1671B /* DemoScrollViewController.swift in Sources */ = {isa = PBXBuildFile; fileRef = 017B7BB5213EE95B00A1671B /* DemoScrollViewController.swift */; };
		017B7BB8213EE95B00A1671B /* DemoScrollViewController.xib in Resources */ = {isa = PBXBuildFile; fileRef = 017B7BB6213EE95B00A1671B /* DemoScrollViewController.xib */; };
		01C2BD6E215C6A8E002C024B /* Music.swift in Sources */ = {isa = PBXBuildFile; fileRef = 01C2BD6D215C6A8E002C024B /* Music.swift */; };
		01C2BD70215C6B93002C024B /* MusicLists.swift in Sources */ = {isa = PBXBuildFile; fileRef = 01C2BD6F215C6B93002C024B /* MusicLists.swift */; };
		01C2BD73215C6CCA002C024B /* MusicListsViewController.swift in Sources */ = {isa = PBXBuildFile; fileRef = 01C2BD71215C6CCA002C024B /* MusicListsViewController.swift */; };
		01C2BD7F215CA865002C024B /* MusicListsViewController.storyboard in Resources */ = {isa = PBXBuildFile; fileRef = 01C2BD7E215CA865002C024B /* MusicListsViewController.storyboard */; };
		01C2BDC7215CE18A002C024B /* MusicListViewController.swift in Sources */ = {isa = PBXBuildFile; fileRef = 01C2BDC5215CE18A002C024B /* MusicListViewController.swift */; };
		01C2BDC8215CE18A002C024B /* MusicListViewController.xib in Resources */ = {isa = PBXBuildFile; fileRef = 01C2BDC6215CE18A002C024B /* MusicListViewController.xib */; };
		01E2FF2E21F4C2F10091B41D /* TestGYB.swift.gyb in Resources */ = {isa = PBXBuildFile; fileRef = 01E2FF2D21F4C2F10091B41D /* TestGYB.swift.gyb */; };
		01E2FF3621F4CC790091B41D /* gyb.py in Resources */ = {isa = PBXBuildFile; fileRef = 01E2FF3421F4CC790091B41D /* gyb.py */; };
		01E2FF3721F4CC790091B41D /* gyb in Resources */ = {isa = PBXBuildFile; fileRef = 01E2FF3521F4CC790091B41D /* gyb */; };
		01E2FF3D21F4D0980091B41D /* TestGYB.swift in Sources */ = {isa = PBXBuildFile; fileRef = 01E2FF3C21F4D0980091B41D /* TestGYB.swift */; };
		01ECD0A52176C7CE00B2C557 /* CodableViewController.swift in Sources */ = {isa = PBXBuildFile; fileRef = 01ECD0A42176C7CE00B2C557 /* CodableViewController.swift */; };
		01F5923C21EF892700377533 /* TupleTest.swift in Sources */ = {isa = PBXBuildFile; fileRef = 01F5923B21EF892700377533 /* TupleTest.swift */; };
		01F5923F21EF8C1F00377533 /* ComputedPropertyTest.swift in Sources */ = {isa = PBXBuildFile; fileRef = 01F5923E21EF8C1F00377533 /* ComputedPropertyTest.swift */; };
		3AB5DB792133DC11003A30E1 /* AppDelegate.swift in Sources */ = {isa = PBXBuildFile; fileRef = 3AB5DB782133DC11003A30E1 /* AppDelegate.swift */; };
		3AB5DB7B2133DC11003A30E1 /* ViewController.swift in Sources */ = {isa = PBXBuildFile; fileRef = 3AB5DB7A2133DC11003A30E1 /* ViewController.swift */; };
		3AB5DB7E2133DC11003A30E1 /* Main.storyboard in Resources */ = {isa = PBXBuildFile; fileRef = 3AB5DB7C2133DC11003A30E1 /* Main.storyboard */; };
		3AB5DB802133DC13003A30E1 /* Assets.xcassets in Resources */ = {isa = PBXBuildFile; fileRef = 3AB5DB7F2133DC13003A30E1 /* Assets.xcassets */; };
		3AB5DB832133DC13003A30E1 /* LaunchScreen.storyboard in Resources */ = {isa = PBXBuildFile; fileRef = 3AB5DB812133DC13003A30E1 /* LaunchScreen.storyboard */; };
		3AB5DB8E2133DC13003A30E1 /* MySwiftDemoTests.swift in Sources */ = {isa = PBXBuildFile; fileRef = 3AB5DB8D2133DC13003A30E1 /* MySwiftDemoTests.swift */; };
		3AB5DB992133DC13003A30E1 /* MySwiftDemoUITests.swift in Sources */ = {isa = PBXBuildFile; fileRef = 3AB5DB982133DC13003A30E1 /* MySwiftDemoUITests.swift */; };
		3AB5DBAC2133F573003A30E1 /* MyTableViewCell.swift in Sources */ = {isa = PBXBuildFile; fileRef = 3AB5DBAB2133F573003A30E1 /* MyTableViewCell.swift */; };
		A890E806D82A4412EA76B604 /* Pods_MySwiftDemo.framework in Frameworks */ = {isa = PBXBuildFile; fileRef = FFAF973D380183F02669DF91 /* Pods_MySwiftDemo.framework */; };
/* End PBXBuildFile section */

/* Begin PBXContainerItemProxy section */
		3AB5DB8A2133DC13003A30E1 /* PBXContainerItemProxy */ = {
			isa = PBXContainerItemProxy;
			containerPortal = 3AB5DB6D2133DC10003A30E1 /* Project object */;
			proxyType = 1;
			remoteGlobalIDString = 3AB5DB742133DC10003A30E1;
			remoteInfo = MySwiftDemo;
		};
		3AB5DB952133DC13003A30E1 /* PBXContainerItemProxy */ = {
			isa = PBXContainerItemProxy;
			containerPortal = 3AB5DB6D2133DC10003A30E1 /* Project object */;
			proxyType = 1;
			remoteGlobalIDString = 3AB5DB742133DC10003A30E1;
			remoteInfo = MySwiftDemo;
		};
/* End PBXContainerItemProxy section */

/* Begin PBXFileReference section */
		0105583E2138D0F900425D92 /* MyRxswiftViewController.swift */ = {isa = PBXFileReference; lastKnownFileType = sourcecode.swift; path = MyRxswiftViewController.swift; sourceTree = "<group>"; };
		012424A821605E3C0007818D /* Person.swift */ = {isa = PBXFileReference; lastKnownFileType = sourcecode.swift; path = Person.swift; sourceTree = "<group>"; };
		012424AA21605F3D0007818D /* Friend.swift */ = {isa = PBXFileReference; lastKnownFileType = sourcecode.swift; path = Friend.swift; sourceTree = "<group>"; };
		012424AD216066C80007818D /* LasyPropertyViewController.swift */ = {isa = PBXFileReference; lastKnownFileType = sourcecode.swift; path = LasyPropertyViewController.swift; sourceTree = "<group>"; };
		012424B62160679E0007818D /* Rect.swift */ = {isa = PBXFileReference; lastKnownFileType = sourcecode.swift; path = Rect.swift; sourceTree = "<group>"; };
		012424B82160A5930007818D /* GoogleService-Info.plist */ = {isa = PBXFileReference; fileEncoding = 4; lastKnownFileType = text.plist.xml; path = "GoogleService-Info.plist"; sourceTree = "<group>"; };
		0141B68221771765000326EF /* UISearchViewController.swift */ = {isa = PBXFileReference; lastKnownFileType = sourcecode.swift; path = UISearchViewController.swift; sourceTree = "<group>"; };
		0141B68421771B7C000326EF /* SearchResultViewController.swift */ = {isa = PBXFileReference; lastKnownFileType = sourcecode.swift; path = SearchResultViewController.swift; sourceTree = "<group>"; };
		0141B6862177237C000326EF /* Countries.swift */ = {isa = PBXFileReference; fileEncoding = 4; lastKnownFileType = sourcecode.swift; path = Countries.swift; sourceTree = "<group>"; };
		0142220B2152238F0091027F /* EnumerationViewController.swift */ = {isa = PBXFileReference; lastKnownFileType = sourcecode.swift; path = EnumerationViewController.swift; sourceTree = "<group>"; };
		017B7BB3213EE93000A1671B /* test.png */ = {isa = PBXFileReference; lastKnownFileType = image.png; path = test.png; sourceTree = "<group>"; };
		017B7BB5213EE95B00A1671B /* DemoScrollViewController.swift */ = {isa = PBXFileReference; lastKnownFileType = sourcecode.swift; path = DemoScrollViewController.swift; sourceTree = "<group>"; };
		017B7BB6213EE95B00A1671B /* DemoScrollViewController.xib */ = {isa = PBXFileReference; lastKnownFileType = file.xib; path = DemoScrollViewController.xib; sourceTree = "<group>"; };
		01C2BD6D215C6A8E002C024B /* Music.swift */ = {isa = PBXFileReference; lastKnownFileType = sourcecode.swift; path = Music.swift; sourceTree = "<group>"; };
		01C2BD6F215C6B93002C024B /* MusicLists.swift */ = {isa = PBXFileReference; lastKnownFileType = sourcecode.swift; path = MusicLists.swift; sourceTree = "<group>"; };
		01C2BD71215C6CCA002C024B /* MusicListsViewController.swift */ = {isa = PBXFileReference; lastKnownFileType = sourcecode.swift; path = MusicListsViewController.swift; sourceTree = "<group>"; };
		01C2BD7E215CA865002C024B /* MusicListsViewController.storyboard */ = {isa = PBXFileReference; lastKnownFileType = file.storyboard; path = MusicListsViewController.storyboard; sourceTree = "<group>"; };
		01C2BDC5215CE18A002C024B /* MusicListViewController.swift */ = {isa = PBXFileReference; lastKnownFileType = sourcecode.swift; path = MusicListViewController.swift; sourceTree = "<group>"; };
		01C2BDC6215CE18A002C024B /* MusicListViewController.xib */ = {isa = PBXFileReference; lastKnownFileType = file.xib; path = MusicListViewController.xib; sourceTree = "<group>"; };
		01E2FF2D21F4C2F10091B41D /* TestGYB.swift.gyb */ = {isa = PBXFileReference; lastKnownFileType = text; path = TestGYB.swift.gyb; sourceTree = "<group>"; };
		01E2FF3421F4CC790091B41D /* gyb.py */ = {isa = PBXFileReference; fileEncoding = 4; lastKnownFileType = text.script.python; path = gyb.py; sourceTree = "<group>"; };
		01E2FF3521F4CC790091B41D /* gyb */ = {isa = PBXFileReference; fileEncoding = 4; lastKnownFileType = text; path = gyb; sourceTree = "<group>"; };
		01E2FF3C21F4D0980091B41D /* TestGYB.swift */ = {isa = PBXFileReference; fileEncoding = 4; lastKnownFileType = sourcecode.swift; path = TestGYB.swift; sourceTree = "<group>"; };
		01ECD0A42176C7CE00B2C557 /* CodableViewController.swift */ = {isa = PBXFileReference; lastKnownFileType = sourcecode.swift; path = CodableViewController.swift; sourceTree = "<group>"; };
		01F5923B21EF892700377533 /* TupleTest.swift */ = {isa = PBXFileReference; lastKnownFileType = sourcecode.swift; path = TupleTest.swift; sourceTree = "<group>"; };
		01F5923E21EF8C1F00377533 /* ComputedPropertyTest.swift */ = {isa = PBXFileReference; lastKnownFileType = sourcecode.swift; path = ComputedPropertyTest.swift; sourceTree = "<group>"; };
		3AB5DB752133DC11003A30E1 /* MySwiftDemo.app */ = {isa = PBXFileReference; explicitFileType = wrapper.application; includeInIndex = 0; path = MySwiftDemo.app; sourceTree = BUILT_PRODUCTS_DIR; };
		3AB5DB782133DC11003A30E1 /* AppDelegate.swift */ = {isa = PBXFileReference; lastKnownFileType = sourcecode.swift; path = AppDelegate.swift; sourceTree = "<group>"; };
		3AB5DB7A2133DC11003A30E1 /* ViewController.swift */ = {isa = PBXFileReference; lastKnownFileType = sourcecode.swift; path = ViewController.swift; sourceTree = "<group>"; };
		3AB5DB7D2133DC11003A30E1 /* Base */ = {isa = PBXFileReference; lastKnownFileType = file.storyboard; name = Base; path = Base.lproj/Main.storyboard; sourceTree = "<group>"; };
		3AB5DB7F2133DC13003A30E1 /* Assets.xcassets */ = {isa = PBXFileReference; lastKnownFileType = folder.assetcatalog; path = Assets.xcassets; sourceTree = "<group>"; };
		3AB5DB822133DC13003A30E1 /* Base */ = {isa = PBXFileReference; lastKnownFileType = file.storyboard; name = Base; path = Base.lproj/LaunchScreen.storyboard; sourceTree = "<group>"; };
		3AB5DB842133DC13003A30E1 /* Info.plist */ = {isa = PBXFileReference; lastKnownFileType = text.plist.xml; path = Info.plist; sourceTree = "<group>"; };
		3AB5DB892133DC13003A30E1 /* MySwiftDemoTests.xctest */ = {isa = PBXFileReference; explicitFileType = wrapper.cfbundle; includeInIndex = 0; path = MySwiftDemoTests.xctest; sourceTree = BUILT_PRODUCTS_DIR; };
		3AB5DB8D2133DC13003A30E1 /* MySwiftDemoTests.swift */ = {isa = PBXFileReference; lastKnownFileType = sourcecode.swift; path = MySwiftDemoTests.swift; sourceTree = "<group>"; };
		3AB5DB8F2133DC13003A30E1 /* Info.plist */ = {isa = PBXFileReference; lastKnownFileType = text.plist.xml; path = Info.plist; sourceTree = "<group>"; };
		3AB5DB942133DC13003A30E1 /* MySwiftDemoUITests.xctest */ = {isa = PBXFileReference; explicitFileType = wrapper.cfbundle; includeInIndex = 0; path = MySwiftDemoUITests.xctest; sourceTree = BUILT_PRODUCTS_DIR; };
		3AB5DB982133DC13003A30E1 /* MySwiftDemoUITests.swift */ = {isa = PBXFileReference; lastKnownFileType = sourcecode.swift; path = MySwiftDemoUITests.swift; sourceTree = "<group>"; };
		3AB5DB9A2133DC13003A30E1 /* Info.plist */ = {isa = PBXFileReference; lastKnownFileType = text.plist.xml; path = Info.plist; sourceTree = "<group>"; };
		3AB5DBAB2133F573003A30E1 /* MyTableViewCell.swift */ = {isa = PBXFileReference; lastKnownFileType = sourcecode.swift; path = MyTableViewCell.swift; sourceTree = "<group>"; };
		79144CE87B5F44617F532647 /* Pods-MySwiftDemo.debug.xcconfig */ = {isa = PBXFileReference; includeInIndex = 1; lastKnownFileType = text.xcconfig; name = "Pods-MySwiftDemo.debug.xcconfig"; path = "Pods/Target Support Files/Pods-MySwiftDemo/Pods-MySwiftDemo.debug.xcconfig"; sourceTree = "<group>"; };
		EC835FC1B2294DF03CB1E5F3 /* Pods-MySwiftDemo.release.xcconfig */ = {isa = PBXFileReference; includeInIndex = 1; lastKnownFileType = text.xcconfig; name = "Pods-MySwiftDemo.release.xcconfig"; path = "Pods/Target Support Files/Pods-MySwiftDemo/Pods-MySwiftDemo.release.xcconfig"; sourceTree = "<group>"; };
		FFAF973D380183F02669DF91 /* Pods_MySwiftDemo.framework */ = {isa = PBXFileReference; explicitFileType = wrapper.framework; includeInIndex = 0; path = Pods_MySwiftDemo.framework; sourceTree = BUILT_PRODUCTS_DIR; };
/* End PBXFileReference section */

/* Begin PBXFrameworksBuildPhase section */
		3AB5DB722133DC10003A30E1 /* Frameworks */ = {
			isa = PBXFrameworksBuildPhase;
			buildActionMask = 2147483647;
			files = (
				A890E806D82A4412EA76B604 /* Pods_MySwiftDemo.framework in Frameworks */,
			);
			runOnlyForDeploymentPostprocessing = 0;
		};
		3AB5DB862133DC13003A30E1 /* Frameworks */ = {
			isa = PBXFrameworksBuildPhase;
			buildActionMask = 2147483647;
			files = (
			);
			runOnlyForDeploymentPostprocessing = 0;
		};
		3AB5DB912133DC13003A30E1 /* Frameworks */ = {
			isa = PBXFrameworksBuildPhase;
			buildActionMask = 2147483647;
			files = (
			);
			runOnlyForDeploymentPostprocessing = 0;
		};
/* End PBXFrameworksBuildPhase section */

/* Begin PBXGroup section */
		010558392138D03700425D92 /* TableViewDemo */ = {
			isa = PBXGroup;
			children = (
				3AB5DBAA2133ED81003A30E1 /* View */,
			);
			path = TableViewDemo;
			sourceTree = "<group>";
		};
		0105583B2138D08D00425D92 /* Supportingfiles */ = {
			isa = PBXGroup;
			children = (
				017B7BB3213EE93000A1671B /* test.png */,
				012424B82160A5930007818D /* GoogleService-Info.plist */,
				3AB5DB7C2133DC11003A30E1 /* Main.storyboard */,
				3AB5DB7F2133DC13003A30E1 /* Assets.xcassets */,
				3AB5DB812133DC13003A30E1 /* LaunchScreen.storyboard */,
				3AB5DB842133DC13003A30E1 /* Info.plist */,
			);
			name = Supportingfiles;
			sourceTree = "<group>";
		};
		0105583C2138D0BD00425D92 /* Main */ = {
			isa = PBXGroup;
			children = (
				3AB5DB782133DC11003A30E1 /* AppDelegate.swift */,
				3AB5DB7A2133DC11003A30E1 /* ViewController.swift */,
			);
			name = Main;
			sourceTree = "<group>";
		};
		0105583D2138D0D500425D92 /* RxswiftDemo */ = {
			isa = PBXGroup;
			children = (
				0105583E2138D0F900425D92 /* MyRxswiftViewController.swift */,
			);
			name = RxswiftDemo;
			sourceTree = "<group>";
		};
		012424AC216066550007818D /* LasyProperty */ = {
			isa = PBXGroup;
			children = (
				012424AA21605F3D0007818D /* Friend.swift */,
				012424A821605E3C0007818D /* Person.swift */,
				012424AD216066C80007818D /* LasyPropertyViewController.swift */,
			);
			name = LasyProperty;
			sourceTree = "<group>";
		};
		012424AF216066E40007818D /* ComputedProperty */ = {
			isa = PBXGroup;
			children = (
				012424B62160679E0007818D /* Rect.swift */,
			);
			name = ComputedProperty;
			sourceTree = "<group>";
		};
		0141B6812177170C000326EF /* UISearch */ = {
			isa = PBXGroup;
			children = (
				0141B6862177237C000326EF /* Countries.swift */,
				0141B68221771765000326EF /* UISearchViewController.swift */,
				0141B68421771B7C000326EF /* SearchResultViewController.swift */,
			);
			name = UISearch;
			sourceTree = "<group>";
		};
		0142220A2152236F0091027F /* Enumeration */ = {
			isa = PBXGroup;
			children = (
				0142220B2152238F0091027F /* EnumerationViewController.swift */,
			);
			name = Enumeration;
			sourceTree = "<group>";
		};
		017B7BB2213EE8F000A1671B /* ScrollViewDemo */ = {
			isa = PBXGroup;
			children = (
				017B7BB5213EE95B00A1671B /* DemoScrollViewController.swift */,
				017B7BB6213EE95B00A1671B /* DemoScrollViewController.xib */,
			);
			path = ScrollViewDemo;
			sourceTree = "<group>";
		};
		01C2BD6C215C6A68002C024B /* RxtableViewDemo */ = {
			isa = PBXGroup;
			children = (
				01C2BD6D215C6A8E002C024B /* Music.swift */,
				01C2BD6F215C6B93002C024B /* MusicLists.swift */,
				01C2BD71215C6CCA002C024B /* MusicListsViewController.swift */,
				01C2BD7E215CA865002C024B /* MusicListsViewController.storyboard */,
			);
			name = RxtableViewDemo;
			sourceTree = "<group>";
		};
		01C2BDC4215CE158002C024B /* AnotherRxtableViewDemo */ = {
			isa = PBXGroup;
			children = (
				01C2BDC5215CE18A002C024B /* MusicListViewController.swift */,
				01C2BDC6215CE18A002C024B /* MusicListViewController.xib */,
			);
			name = AnotherRxtableViewDemo;
			sourceTree = "<group>";
		};
		01E2FF2C21F4C2CB0091B41D /* GYB */ = {
			isa = PBXGroup;
			children = (
				01E2FF3C21F4D0980091B41D /* TestGYB.swift */,
				01E2FF2D21F4C2F10091B41D /* TestGYB.swift.gyb */,
			);
			name = GYB;
			sourceTree = "<group>";
		};
		01E2FF3321F4CC790091B41D /* Vendor */ = {
			isa = PBXGroup;
			children = (
				01E2FF3421F4CC790091B41D /* gyb.py */,
				01E2FF3521F4CC790091B41D /* gyb */,
			);
			path = Vendor;
			sourceTree = "<group>";
		};
		01ECD0A32176C79100B2C557 /* Codable */ = {
			isa = PBXGroup;
			children = (
				01ECD0A42176C7CE00B2C557 /* CodableViewController.swift */,
			);
			name = Codable;
			sourceTree = "<group>";
		};
		01F5923A21EF890B00377533 /* Tuple */ = {
			isa = PBXGroup;
			children = (
				01F5923B21EF892700377533 /* TupleTest.swift */,
			);
			name = Tuple;
			sourceTree = "<group>";
		};
		01F5923D21EF8BF400377533 /* ComputedProperty */ = {
			isa = PBXGroup;
			children = (
				01F5923E21EF8C1F00377533 /* ComputedPropertyTest.swift */,
			);
			name = ComputedProperty;
			sourceTree = "<group>";
		};
		3AB5DB6C2133DC10003A30E1 = {
			isa = PBXGroup;
			children = (
				01E2FF3321F4CC790091B41D /* Vendor */,
				3AB5DB772133DC11003A30E1 /* MySwiftDemo */,
				3AB5DB8C2133DC13003A30E1 /* MySwiftDemoTests */,
				3AB5DB972133DC13003A30E1 /* MySwiftDemoUITests */,
				3AB5DB762133DC11003A30E1 /* Products */,
				6C968521F9F314E144C97FCF /* Pods */,
				4FAC5FCD527E470D57BEC245 /* Frameworks */,
			);
			sourceTree = "<group>";
		};
		3AB5DB762133DC11003A30E1 /* Products */ = {
			isa = PBXGroup;
			children = (
				3AB5DB752133DC11003A30E1 /* MySwiftDemo.app */,
				3AB5DB892133DC13003A30E1 /* MySwiftDemoTests.xctest */,
				3AB5DB942133DC13003A30E1 /* MySwiftDemoUITests.xctest */,
			);
			name = Products;
			sourceTree = "<group>";
		};
		3AB5DB772133DC11003A30E1 /* MySwiftDemo */ = {
			isa = PBXGroup;
			children = (
				01E2FF2C21F4C2CB0091B41D /* GYB */,
				01F5923D21EF8BF400377533 /* ComputedProperty */,
				01F5923A21EF890B00377533 /* Tuple */,
				0141B6812177170C000326EF /* UISearch */,
				01ECD0A32176C79100B2C557 /* Codable */,
				012424AF216066E40007818D /* ComputedProperty */,
				012424AC216066550007818D /* LasyProperty */,
				01C2BDC4215CE158002C024B /* AnotherRxtableViewDemo */,
				01C2BD6C215C6A68002C024B /* RxtableViewDemo */,
				0142220A2152236F0091027F /* Enumeration */,
				017B7BB2213EE8F000A1671B /* ScrollViewDemo */,
				0105583D2138D0D500425D92 /* RxswiftDemo */,
				0105583C2138D0BD00425D92 /* Main */,
				0105583B2138D08D00425D92 /* Supportingfiles */,
				010558392138D03700425D92 /* TableViewDemo */,
			);
			path = MySwiftDemo;
			sourceTree = "<group>";
		};
		3AB5DB8C2133DC13003A30E1 /* MySwiftDemoTests */ = {
			isa = PBXGroup;
			children = (
				3AB5DB8D2133DC13003A30E1 /* MySwiftDemoTests.swift */,
				3AB5DB8F2133DC13003A30E1 /* Info.plist */,
			);
			path = MySwiftDemoTests;
			sourceTree = "<group>";
		};
		3AB5DB972133DC13003A30E1 /* MySwiftDemoUITests */ = {
			isa = PBXGroup;
			children = (
				3AB5DB982133DC13003A30E1 /* MySwiftDemoUITests.swift */,
				3AB5DB9A2133DC13003A30E1 /* Info.plist */,
			);
			path = MySwiftDemoUITests;
			sourceTree = "<group>";
		};
		3AB5DBAA2133ED81003A30E1 /* View */ = {
			isa = PBXGroup;
			children = (
				3AB5DBAB2133F573003A30E1 /* MyTableViewCell.swift */,
			);
			path = View;
			sourceTree = "<group>";
		};
		4FAC5FCD527E470D57BEC245 /* Frameworks */ = {
			isa = PBXGroup;
			children = (
				FFAF973D380183F02669DF91 /* Pods_MySwiftDemo.framework */,
			);
			name = Frameworks;
			sourceTree = "<group>";
		};
		6C968521F9F314E144C97FCF /* Pods */ = {
			isa = PBXGroup;
			children = (
				79144CE87B5F44617F532647 /* Pods-MySwiftDemo.debug.xcconfig */,
				EC835FC1B2294DF03CB1E5F3 /* Pods-MySwiftDemo.release.xcconfig */,
			);
			name = Pods;
			sourceTree = "<group>";
		};
/* End PBXGroup section */

/* Begin PBXNativeTarget section */
		3AB5DB742133DC10003A30E1 /* MySwiftDemo */ = {
			isa = PBXNativeTarget;
			buildConfigurationList = 3AB5DB9D2133DC13003A30E1 /* Build configuration list for PBXNativeTarget "MySwiftDemo" */;
			buildPhases = (
				C19366CBB05D1B6C354E5A42 /* [CP] Check Pods Manifest.lock */,
				3AB5DB712133DC10003A30E1 /* Sources */,
				3AB5DB722133DC10003A30E1 /* Frameworks */,
				3AB5DB732133DC10003A30E1 /* Resources */,
				5E5E612EB18FD18D67395DA3 /* [CP] Embed Pods Frameworks */,
				01E2FF2B21F4C0D60091B41D /* ShellScript */,
			);
			buildRules = (
			);
			dependencies = (
			);
			name = MySwiftDemo;
			productName = MySwiftDemo;
			productReference = 3AB5DB752133DC11003A30E1 /* MySwiftDemo.app */;
			productType = "com.apple.product-type.application";
		};
		3AB5DB882133DC13003A30E1 /* MySwiftDemoTests */ = {
			isa = PBXNativeTarget;
			buildConfigurationList = 3AB5DBA02133DC13003A30E1 /* Build configuration list for PBXNativeTarget "MySwiftDemoTests" */;
			buildPhases = (
				3AB5DB852133DC13003A30E1 /* Sources */,
				3AB5DB862133DC13003A30E1 /* Frameworks */,
				3AB5DB872133DC13003A30E1 /* Resources */,
			);
			buildRules = (
			);
			dependencies = (
				3AB5DB8B2133DC13003A30E1 /* PBXTargetDependency */,
			);
			name = MySwiftDemoTests;
			productName = MySwiftDemoTests;
			productReference = 3AB5DB892133DC13003A30E1 /* MySwiftDemoTests.xctest */;
			productType = "com.apple.product-type.bundle.unit-test";
		};
		3AB5DB932133DC13003A30E1 /* MySwiftDemoUITests */ = {
			isa = PBXNativeTarget;
			buildConfigurationList = 3AB5DBA32133DC13003A30E1 /* Build configuration list for PBXNativeTarget "MySwiftDemoUITests" */;
			buildPhases = (
				3AB5DB902133DC13003A30E1 /* Sources */,
				3AB5DB912133DC13003A30E1 /* Frameworks */,
				3AB5DB922133DC13003A30E1 /* Resources */,
			);
			buildRules = (
			);
			dependencies = (
				3AB5DB962133DC13003A30E1 /* PBXTargetDependency */,
			);
			name = MySwiftDemoUITests;
			productName = MySwiftDemoUITests;
			productReference = 3AB5DB942133DC13003A30E1 /* MySwiftDemoUITests.xctest */;
			productType = "com.apple.product-type.bundle.ui-testing";
		};
/* End PBXNativeTarget section */

/* Begin PBXProject section */
		3AB5DB6D2133DC10003A30E1 /* Project object */ = {
			isa = PBXProject;
			attributes = {
				LastSwiftUpdateCheck = 0940;
				LastUpgradeCheck = 0940;
				ORGANIZATIONNAME = nick;
				TargetAttributes = {
					3AB5DB742133DC10003A30E1 = {
						CreatedOnToolsVersion = 9.4;
					};
					3AB5DB882133DC13003A30E1 = {
						CreatedOnToolsVersion = 9.4;
						TestTargetID = 3AB5DB742133DC10003A30E1;
					};
					3AB5DB932133DC13003A30E1 = {
						CreatedOnToolsVersion = 9.4;
						TestTargetID = 3AB5DB742133DC10003A30E1;
					};
				};
			};
			buildConfigurationList = 3AB5DB702133DC10003A30E1 /* Build configuration list for PBXProject "MySwiftDemo" */;
			compatibilityVersion = "Xcode 9.3";
			developmentRegion = en;
			hasScannedForEncodings = 0;
			knownRegions = (
				en,
				Base,
			);
			mainGroup = 3AB5DB6C2133DC10003A30E1;
			productRefGroup = 3AB5DB762133DC11003A30E1 /* Products */;
			projectDirPath = "";
			projectRoot = "";
			targets = (
				3AB5DB742133DC10003A30E1 /* MySwiftDemo */,
				3AB5DB882133DC13003A30E1 /* MySwiftDemoTests */,
				3AB5DB932133DC13003A30E1 /* MySwiftDemoUITests */,
			);
		};
/* End PBXProject section */

/* Begin PBXResourcesBuildPhase section */
		3AB5DB732133DC10003A30E1 /* Resources */ = {
			isa = PBXResourcesBuildPhase;
			buildActionMask = 2147483647;
			files = (
				01C2BDC8215CE18A002C024B /* MusicListViewController.xib in Resources */,
				012424B92160A5930007818D /* GoogleService-Info.plist in Resources */,
				3AB5DB832133DC13003A30E1 /* LaunchScreen.storyboard in Resources */,
				01C2BD7F215CA865002C024B /* MusicListsViewController.storyboard in Resources */,
				3AB5DB802133DC13003A30E1 /* Assets.xcassets in Resources */,
				01E2FF3621F4CC790091B41D /* gyb.py in Resources */,
				017B7BB8213EE95B00A1671B /* DemoScrollViewController.xib in Resources */,
				01E2FF3721F4CC790091B41D /* gyb in Resources */,
				01E2FF2E21F4C2F10091B41D /* TestGYB.swift.gyb in Resources */,
				3AB5DB7E2133DC11003A30E1 /* Main.storyboard in Resources */,
				017B7BB4213EE93000A1671B /* test.png in Resources */,
			);
			runOnlyForDeploymentPostprocessing = 0;
		};
		3AB5DB872133DC13003A30E1 /* Resources */ = {
			isa = PBXResourcesBuildPhase;
			buildActionMask = 2147483647;
			files = (
			);
			runOnlyForDeploymentPostprocessing = 0;
		};
		3AB5DB922133DC13003A30E1 /* Resources */ = {
			isa = PBXResourcesBuildPhase;
			buildActionMask = 2147483647;
			files = (
			);
			runOnlyForDeploymentPostprocessing = 0;
		};
/* End PBXResourcesBuildPhase section */

/* Begin PBXShellScriptBuildPhase section */
		01E2FF2B21F4C0D60091B41D /* ShellScript */ = {
			isa = PBXShellScriptBuildPhase;
			buildActionMask = 2147483647;
			files = (
			);
			inputFileListPaths = (
			);
			inputPaths = (
			);
			outputFileListPaths = (
			);
			outputPaths = (
			);
			runOnlyForDeploymentPostprocessing = 0;
			shellPath = /bin/sh;
			shellScript = "find . -name '*.gyb' | while read file; do ./Vendor/gyb --line-directive '' -o \"${file%.gyb}\" \"$file\"; done\n";
		};
		5E5E612EB18FD18D67395DA3 /* [CP] Embed Pods Frameworks */ = {
			isa = PBXShellScriptBuildPhase;
			buildActionMask = 2147483647;
			files = (
			);
			inputPaths = (
				"${SRCROOT}/Pods/Target Support Files/Pods-MySwiftDemo/Pods-MySwiftDemo-frameworks.sh",
				"${BUILT_PRODUCTS_DIR}/Alamofire/Alamofire.framework",
				"${BUILT_PRODUCTS_DIR}/GoogleUtilities/GoogleUtilities.framework",
				"${BUILT_PRODUCTS_DIR}/PromiseKit/PromiseKit.framework",
				"${BUILT_PRODUCTS_DIR}/RxCocoa/RxCocoa.framework",
				"${BUILT_PRODUCTS_DIR}/RxSwift/RxSwift.framework",
				"${BUILT_PRODUCTS_DIR}/nanopb/nanopb.framework",
			);
			name = "[CP] Embed Pods Frameworks";
			outputPaths = (
				"${TARGET_BUILD_DIR}/${FRAMEWORKS_FOLDER_PATH}/Alamofire.framework",
				"${TARGET_BUILD_DIR}/${FRAMEWORKS_FOLDER_PATH}/GoogleUtilities.framework",
				"${TARGET_BUILD_DIR}/${FRAMEWORKS_FOLDER_PATH}/PromiseKit.framework",
				"${TARGET_BUILD_DIR}/${FRAMEWORKS_FOLDER_PATH}/RxCocoa.framework",
				"${TARGET_BUILD_DIR}/${FRAMEWORKS_FOLDER_PATH}/RxSwift.framework",
				"${TARGET_BUILD_DIR}/${FRAMEWORKS_FOLDER_PATH}/nanopb.framework",
			);
			runOnlyForDeploymentPostprocessing = 0;
			shellPath = /bin/sh;
			shellScript = "\"${SRCROOT}/Pods/Target Support Files/Pods-MySwiftDemo/Pods-MySwiftDemo-frameworks.sh\"\n";
			showEnvVarsInLog = 0;
		};
		C19366CBB05D1B6C354E5A42 /* [CP] Check Pods Manifest.lock */ = {
			isa = PBXShellScriptBuildPhase;
			buildActionMask = 2147483647;
			files = (
			);
			inputPaths = (
				"${PODS_PODFILE_DIR_PATH}/Podfile.lock",
				"${PODS_ROOT}/Manifest.lock",
			);
			name = "[CP] Check Pods Manifest.lock";
			outputPaths = (
				"$(DERIVED_FILE_DIR)/Pods-MySwiftDemo-checkManifestLockResult.txt",
			);
			runOnlyForDeploymentPostprocessing = 0;
			shellPath = /bin/sh;
			shellScript = "diff \"${PODS_PODFILE_DIR_PATH}/Podfile.lock\" \"${PODS_ROOT}/Manifest.lock\" > /dev/null\nif [ $? != 0 ] ; then\n    # print error to STDERR\n    echo \"error: The sandbox is not in sync with the Podfile.lock. Run 'pod install' or update your CocoaPods installation.\" >&2\n    exit 1\nfi\n# This output is used by Xcode 'outputs' to avoid re-running this script phase.\necho \"SUCCESS\" > \"${SCRIPT_OUTPUT_FILE_0}\"\n";
			showEnvVarsInLog = 0;
		};
/* End PBXShellScriptBuildPhase section */

/* Begin PBXSourcesBuildPhase section */
		3AB5DB712133DC10003A30E1 /* Sources */ = {
			isa = PBXSourcesBuildPhase;
			buildActionMask = 2147483647;
			files = (
				01E2FF3D21F4D0980091B41D /* TestGYB.swift in Sources */,
				01F5923C21EF892700377533 /* TupleTest.swift in Sources */,
				0105583F2138D0F900425D92 /* MyRxswiftViewController.swift in Sources */,
				01ECD0A52176C7CE00B2C557 /* CodableViewController.swift in Sources */,
				01F5923F21EF8C1F00377533 /* ComputedPropertyTest.swift in Sources */,
				3AB5DB7B2133DC11003A30E1 /* ViewController.swift in Sources */,
				012424B72160679E0007818D /* Rect.swift in Sources */,
				0141B6872177237C000326EF /* Countries.swift in Sources */,
				012424AE216066C80007818D /* LasyPropertyViewController.swift in Sources */,
				017B7BB7213EE95B00A1671B /* DemoScrollViewController.swift in Sources */,
				012424AB21605F3D0007818D /* Friend.swift in Sources */,
				01C2BD70215C6B93002C024B /* MusicLists.swift in Sources */,
				012424A921605E3C0007818D /* Person.swift in Sources */,
				3AB5DB792133DC11003A30E1 /* AppDelegate.swift in Sources */,
				0141B68321771765000326EF /* UISearchViewController.swift in Sources */,
				01C2BD6E215C6A8E002C024B /* Music.swift in Sources */,
				01C2BDC7215CE18A002C024B /* MusicListViewController.swift in Sources */,
				0141B68521771B7C000326EF /* SearchResultViewController.swift in Sources */,
				0142220C2152238F0091027F /* EnumerationViewController.swift in Sources */,
				01C2BD73215C6CCA002C024B /* MusicListsViewController.swift in Sources */,
				3AB5DBAC2133F573003A30E1 /* MyTableViewCell.swift in Sources */,
			);
			runOnlyForDeploymentPostprocessing = 0;
		};
		3AB5DB852133DC13003A30E1 /* Sources */ = {
			isa = PBXSourcesBuildPhase;
			buildActionMask = 2147483647;
			files = (
				3AB5DB8E2133DC13003A30E1 /* MySwiftDemoTests.swift in Sources */,
			);
			runOnlyForDeploymentPostprocessing = 0;
		};
		3AB5DB902133DC13003A30E1 /* Sources */ = {
			isa = PBXSourcesBuildPhase;
			buildActionMask = 2147483647;
			files = (
				3AB5DB992133DC13003A30E1 /* MySwiftDemoUITests.swift in Sources */,
			);
			runOnlyForDeploymentPostprocessing = 0;
		};
/* End PBXSourcesBuildPhase section */

/* Begin PBXTargetDependency section */
		3AB5DB8B2133DC13003A30E1 /* PBXTargetDependency */ = {
			isa = PBXTargetDependency;
			target = 3AB5DB742133DC10003A30E1 /* MySwiftDemo */;
			targetProxy = 3AB5DB8A2133DC13003A30E1 /* PBXContainerItemProxy */;
		};
		3AB5DB962133DC13003A30E1 /* PBXTargetDependency */ = {
			isa = PBXTargetDependency;
			target = 3AB5DB742133DC10003A30E1 /* MySwiftDemo */;
			targetProxy = 3AB5DB952133DC13003A30E1 /* PBXContainerItemProxy */;
		};
/* End PBXTargetDependency section */

/* Begin PBXVariantGroup section */
		3AB5DB7C2133DC11003A30E1 /* Main.storyboard */ = {
			isa = PBXVariantGroup;
			children = (
				3AB5DB7D2133DC11003A30E1 /* Base */,
			);
			name = Main.storyboard;
			sourceTree = "<group>";
		};
		3AB5DB812133DC13003A30E1 /* LaunchScreen.storyboard */ = {
			isa = PBXVariantGroup;
			children = (
				3AB5DB822133DC13003A30E1 /* Base */,
			);
			name = LaunchScreen.storyboard;
			sourceTree = "<group>";
		};
/* End PBXVariantGroup section */

/* Begin XCBuildConfiguration section */
		3AB5DB9B2133DC13003A30E1 /* Debug */ = {
			isa = XCBuildConfiguration;
			buildSettings = {
				ALWAYS_SEARCH_USER_PATHS = NO;
				CLANG_ANALYZER_NONNULL = YES;
				CLANG_ANALYZER_NUMBER_OBJECT_CONVERSION = YES_AGGRESSIVE;
				CLANG_CXX_LANGUAGE_STANDARD = "gnu++14";
				CLANG_CXX_LIBRARY = "libc++";
				CLANG_ENABLE_MODULES = YES;
				CLANG_ENABLE_OBJC_ARC = YES;
				CLANG_ENABLE_OBJC_WEAK = YES;
				CLANG_WARN_BLOCK_CAPTURE_AUTORELEASING = YES;
				CLANG_WARN_BOOL_CONVERSION = YES;
				CLANG_WARN_COMMA = YES;
				CLANG_WARN_CONSTANT_CONVERSION = YES;
				CLANG_WARN_DEPRECATED_OBJC_IMPLEMENTATIONS = YES;
				CLANG_WARN_DIRECT_OBJC_ISA_USAGE = YES_ERROR;
				CLANG_WARN_DOCUMENTATION_COMMENTS = YES;
				CLANG_WARN_EMPTY_BODY = YES;
				CLANG_WARN_ENUM_CONVERSION = YES;
				CLANG_WARN_INFINITE_RECURSION = YES;
				CLANG_WARN_INT_CONVERSION = YES;
				CLANG_WARN_NON_LITERAL_NULL_CONVERSION = YES;
				CLANG_WARN_OBJC_IMPLICIT_RETAIN_SELF = YES;
				CLANG_WARN_OBJC_LITERAL_CONVERSION = YES;
				CLANG_WARN_OBJC_ROOT_CLASS = YES_ERROR;
				CLANG_WARN_RANGE_LOOP_ANALYSIS = YES;
				CLANG_WARN_STRICT_PROTOTYPES = YES;
				CLANG_WARN_SUSPICIOUS_MOVE = YES;
				CLANG_WARN_UNGUARDED_AVAILABILITY = YES_AGGRESSIVE;
				CLANG_WARN_UNREACHABLE_CODE = YES;
				CLANG_WARN__DUPLICATE_METHOD_MATCH = YES;
				CODE_SIGN_IDENTITY = "iPhone Developer";
				COPY_PHASE_STRIP = NO;
				DEBUG_INFORMATION_FORMAT = dwarf;
				ENABLE_STRICT_OBJC_MSGSEND = YES;
				ENABLE_TESTABILITY = YES;
				GCC_C_LANGUAGE_STANDARD = gnu11;
				GCC_DYNAMIC_NO_PIC = NO;
				GCC_NO_COMMON_BLOCKS = YES;
				GCC_OPTIMIZATION_LEVEL = 0;
				GCC_PREPROCESSOR_DEFINITIONS = (
					"DEBUG=1",
					"$(inherited)",
				);
				GCC_WARN_64_TO_32_BIT_CONVERSION = YES;
				GCC_WARN_ABOUT_RETURN_TYPE = YES_ERROR;
				GCC_WARN_UNDECLARED_SELECTOR = YES;
				GCC_WARN_UNINITIALIZED_AUTOS = YES_AGGRESSIVE;
				GCC_WARN_UNUSED_FUNCTION = YES;
				GCC_WARN_UNUSED_VARIABLE = YES;
				IPHONEOS_DEPLOYMENT_TARGET = 11.4;
				MTL_ENABLE_DEBUG_INFO = YES;
				ONLY_ACTIVE_ARCH = YES;
				SDKROOT = iphoneos;
				SWIFT_ACTIVE_COMPILATION_CONDITIONS = DEBUG;
				SWIFT_OPTIMIZATION_LEVEL = "-Onone";
			};
			name = Debug;
		};
		3AB5DB9C2133DC13003A30E1 /* Release */ = {
			isa = XCBuildConfiguration;
			buildSettings = {
				ALWAYS_SEARCH_USER_PATHS = NO;
				CLANG_ANALYZER_NONNULL = YES;
				CLANG_ANALYZER_NUMBER_OBJECT_CONVERSION = YES_AGGRESSIVE;
				CLANG_CXX_LANGUAGE_STANDARD = "gnu++14";
				CLANG_CXX_LIBRARY = "libc++";
				CLANG_ENABLE_MODULES = YES;
				CLANG_ENABLE_OBJC_ARC = YES;
				CLANG_ENABLE_OBJC_WEAK = YES;
				CLANG_WARN_BLOCK_CAPTURE_AUTORELEASING = YES;
				CLANG_WARN_BOOL_CONVERSION = YES;
				CLANG_WARN_COMMA = YES;
				CLANG_WARN_CONSTANT_CONVERSION = YES;
				CLANG_WARN_DEPRECATED_OBJC_IMPLEMENTATIONS = YES;
				CLANG_WARN_DIRECT_OBJC_ISA_USAGE = YES_ERROR;
				CLANG_WARN_DOCUMENTATION_COMMENTS = YES;
				CLANG_WARN_EMPTY_BODY = YES;
				CLANG_WARN_ENUM_CONVERSION = YES;
				CLANG_WARN_INFINITE_RECURSION = YES;
				CLANG_WARN_INT_CONVERSION = YES;
				CLANG_WARN_NON_LITERAL_NULL_CONVERSION = YES;
				CLANG_WARN_OBJC_IMPLICIT_RETAIN_SELF = YES;
				CLANG_WARN_OBJC_LITERAL_CONVERSION = YES;
				CLANG_WARN_OBJC_ROOT_CLASS = YES_ERROR;
				CLANG_WARN_RANGE_LOOP_ANALYSIS = YES;
				CLANG_WARN_STRICT_PROTOTYPES = YES;
				CLANG_WARN_SUSPICIOUS_MOVE = YES;
				CLANG_WARN_UNGUARDED_AVAILABILITY = YES_AGGRESSIVE;
				CLANG_WARN_UNREACHABLE_CODE = YES;
				CLANG_WARN__DUPLICATE_METHOD_MATCH = YES;
				CODE_SIGN_IDENTITY = "iPhone Developer";
				COPY_PHASE_STRIP = NO;
				DEBUG_INFORMATION_FORMAT = "dwarf-with-dsym";
				ENABLE_NS_ASSERTIONS = NO;
				ENABLE_STRICT_OBJC_MSGSEND = YES;
				GCC_C_LANGUAGE_STANDARD = gnu11;
				GCC_NO_COMMON_BLOCKS = YES;
				GCC_WARN_64_TO_32_BIT_CONVERSION = YES;
				GCC_WARN_ABOUT_RETURN_TYPE = YES_ERROR;
				GCC_WARN_UNDECLARED_SELECTOR = YES;
				GCC_WARN_UNINITIALIZED_AUTOS = YES_AGGRESSIVE;
				GCC_WARN_UNUSED_FUNCTION = YES;
				GCC_WARN_UNUSED_VARIABLE = YES;
				IPHONEOS_DEPLOYMENT_TARGET = 11.4;
				MTL_ENABLE_DEBUG_INFO = NO;
				SDKROOT = iphoneos;
				SWIFT_COMPILATION_MODE = wholemodule;
				SWIFT_OPTIMIZATION_LEVEL = "-O";
				VALIDATE_PRODUCT = YES;
			};
			name = Release;
		};
		3AB5DB9E2133DC13003A30E1 /* Debug */ = {
			isa = XCBuildConfiguration;
			baseConfigurationReference = 79144CE87B5F44617F532647 /* Pods-MySwiftDemo.debug.xcconfig */;
			buildSettings = {
				ASSETCATALOG_COMPILER_APPICON_NAME = AppIcon;
				CODE_SIGN_STYLE = Automatic;
				DEVELOPMENT_TEAM = U7J77R4NH6;
				INFOPLIST_FILE = MySwiftDemo/Info.plist;
				IPHONEOS_DEPLOYMENT_TARGET = 10.0;
				LD_RUNPATH_SEARCH_PATHS = (
					"$(inherited)",
					"@executable_path/Frameworks",
				);
				PRODUCT_BUNDLE_IDENTIFIER = com.nick.main.MySwiftDemo;
				PRODUCT_NAME = "$(TARGET_NAME)";
				SWIFT_VERSION = 4.0;
				TARGETED_DEVICE_FAMILY = "1,2";
			};
			name = Debug;
		};
		3AB5DB9F2133DC13003A30E1 /* Release */ = {
			isa = XCBuildConfiguration;
			baseConfigurationReference = EC835FC1B2294DF03CB1E5F3 /* Pods-MySwiftDemo.release.xcconfig */;
			buildSettings = {
				ASSETCATALOG_COMPILER_APPICON_NAME = AppIcon;
				CODE_SIGN_STYLE = Automatic;
				DEVELOPMENT_TEAM = U7J77R4NH6;
				INFOPLIST_FILE = MySwiftDemo/Info.plist;
				IPHONEOS_DEPLOYMENT_TARGET = 10.0;
				LD_RUNPATH_SEARCH_PATHS = (
					"$(inherited)",
					"@executable_path/Frameworks",
				);
				PRODUCT_BUNDLE_IDENTIFIER = com.nick.main.MySwiftDemo;
				PRODUCT_NAME = "$(TARGET_NAME)";
				SWIFT_VERSION = 4.0;
				TARGETED_DEVICE_FAMILY = "1,2";
			};
			name = Release;
		};
		3AB5DBA12133DC13003A30E1 /* Debug */ = {
			isa = XCBuildConfiguration;
			buildSettings = {
				ALWAYS_EMBED_SWIFT_STANDARD_LIBRARIES = YES;
				BUNDLE_LOADER = "$(TEST_HOST)";
				CODE_SIGN_STYLE = Automatic;
				DEVELOPMENT_TEAM = U7J77R4NH6;
				INFOPLIST_FILE = MySwiftDemoTests/Info.plist;
				LD_RUNPATH_SEARCH_PATHS = (
					"$(inherited)",
					"@executable_path/Frameworks",
					"@loader_path/Frameworks",
				);
				PRODUCT_BUNDLE_IDENTIFIER = com.nick.main.MySwiftDemoTests;
				PRODUCT_NAME = "$(TARGET_NAME)";
				SWIFT_VERSION = 4.0;
				TARGETED_DEVICE_FAMILY = "1,2";
				TEST_HOST = "$(BUILT_PRODUCTS_DIR)/MySwiftDemo.app/MySwiftDemo";
			};
			name = Debug;
		};
		3AB5DBA22133DC13003A30E1 /* Release */ = {
			isa = XCBuildConfiguration;
			buildSettings = {
				ALWAYS_EMBED_SWIFT_STANDARD_LIBRARIES = YES;
				BUNDLE_LOADER = "$(TEST_HOST)";
				CODE_SIGN_STYLE = Automatic;
				DEVELOPMENT_TEAM = U7J77R4NH6;
				INFOPLIST_FILE = MySwiftDemoTests/Info.plist;
				LD_RUNPATH_SEARCH_PATHS = (
					"$(inherited)",
					"@executable_path/Frameworks",
					"@loader_path/Frameworks",
				);
				PRODUCT_BUNDLE_IDENTIFIER = com.nick.main.MySwiftDemoTests;
				PRODUCT_NAME = "$(TARGET_NAME)";
				SWIFT_VERSION = 4.0;
				TARGETED_DEVICE_FAMILY = "1,2";
				TEST_HOST = "$(BUILT_PRODUCTS_DIR)/MySwiftDemo.app/MySwiftDemo";
			};
			name = Release;
		};
		3AB5DBA42133DC13003A30E1 /* Debug */ = {
			isa = XCBuildConfiguration;
			buildSettings = {
				ALWAYS_EMBED_SWIFT_STANDARD_LIBRARIES = YES;
				CODE_SIGN_STYLE = Automatic;
				DEVELOPMENT_TEAM = U7J77R4NH6;
				INFOPLIST_FILE = MySwiftDemoUITests/Info.plist;
				LD_RUNPATH_SEARCH_PATHS = (
					"$(inherited)",
					"@executable_path/Frameworks",
					"@loader_path/Frameworks",
				);
				PRODUCT_BUNDLE_IDENTIFIER = com.nick.main.MySwiftDemoUITests;
				PRODUCT_NAME = "$(TARGET_NAME)";
				SWIFT_VERSION = 4.0;
				TARGETED_DEVICE_FAMILY = "1,2";
				TEST_TARGET_NAME = MySwiftDemo;
			};
			name = Debug;
		};
		3AB5DBA52133DC13003A30E1 /* Release */ = {
			isa = XCBuildConfiguration;
			buildSettings = {
				ALWAYS_EMBED_SWIFT_STANDARD_LIBRARIES = YES;
				CODE_SIGN_STYLE = Automatic;
				DEVELOPMENT_TEAM = U7J77R4NH6;
				INFOPLIST_FILE = MySwiftDemoUITests/Info.plist;
				LD_RUNPATH_SEARCH_PATHS = (
					"$(inherited)",
					"@executable_path/Frameworks",
					"@loader_path/Frameworks",
				);
				PRODUCT_BUNDLE_IDENTIFIER = com.nick.main.MySwiftDemoUITests;
				PRODUCT_NAME = "$(TARGET_NAME)";
				SWIFT_VERSION = 4.0;
				TARGETED_DEVICE_FAMILY = "1,2";
				TEST_TARGET_NAME = MySwiftDemo;
			};
			name = Release;
		};
/* End XCBuildConfiguration section */

/* Begin XCConfigurationList section */
		3AB5DB702133DC10003A30E1 /* Build configuration list for PBXProject "MySwiftDemo" */ = {
			isa = XCConfigurationList;
			buildConfigurations = (
				3AB5DB9B2133DC13003A30E1 /* Debug */,
				3AB5DB9C2133DC13003A30E1 /* Release */,
			);
			defaultConfigurationIsVisible = 0;
			defaultConfigurationName = Release;
		};
		3AB5DB9D2133DC13003A30E1 /* Build configuration list for PBXNativeTarget "MySwiftDemo" */ = {
			isa = XCConfigurationList;
			buildConfigurations = (
				3AB5DB9E2133DC13003A30E1 /* Debug */,
				3AB5DB9F2133DC13003A30E1 /* Release */,
			);
			defaultConfigurationIsVisible = 0;
			defaultConfigurationName = Release;
		};
		3AB5DBA02133DC13003A30E1 /* Build configuration list for PBXNativeTarget "MySwiftDemoTests" */ = {
			isa = XCConfigurationList;
			buildConfigurations = (
				3AB5DBA12133DC13003A30E1 /* Debug */,
				3AB5DBA22133DC13003A30E1 /* Release */,
			);
			defaultConfigurationIsVisible = 0;
			defaultConfigurationName = Release;
		};
		3AB5DBA32133DC13003A30E1 /* Build configuration list for PBXNativeTarget "MySwiftDemoUITests" */ = {
			isa = XCConfigurationList;
			buildConfigurations = (
				3AB5DBA42133DC13003A30E1 /* Debug */,
				3AB5DBA52133DC13003A30E1 /* Release */,
			);
			defaultConfigurationIsVisible = 0;
			defaultConfigurationName = Release;
		};
/* End XCConfigurationList section */
	};
	rootObject = 3AB5DB6D2133DC10003A30E1 /* Project object */;
}
